<?xml version="1.0" encoding="UTF-8" standalone="yes" ?>
<CodeBlocks_project_file>
	<FileVersion major="1" minor="6" />
	<Project>
		<Option title="BMA" />
		<Option pch_mode="2" />
		<Option compiler="gcc" />
		<Build>
			<Target title="Debug">
				<Option output="bin/Debug/BMA" prefix_auto="1" extension_auto="1" />
				<Option working_dir="bin/Debug/" />
				<Option object_output="obj/Debug/" />
				<Option type="0" />
				<Option compiler="gcc" />
				<Option projectLinkerOptionsRelation="2" />
				<Compiler>
					<Add option="-g" />
					<Add directory="$(#wx)/lib/gcc_dll/mswu" />
					<Add directory="D:/cpp/wxsqlite3-3.1.1/sqlite3/include" />
					<Add directory="D:/cpp/wxsqlite3-3.1.1/src" />
					<Add directory="D:/cpp/wxsqlite3-3.1.1/lib/gcc_dll" />
					<Add directory="D:/cpp/wxsqlite3-3.1.1/include" />
				</Compiler>
				<ResourceCompiler>
					<Add directory="$(#wx)/lib/gcc_dll/mswu" />
				</ResourceCompiler>
				<Linker>
					<Add library="libwxmsw30u.a" />
					<Add library="D:\cpp\wxsqlite3-3.1.1\lib\gcc_dll\libwxcode_msw30ud_wxsqlite3.a" />
					<Add library="D:\cpp\wxsqlite3-3.1.1\sqlite3\lib\sqlite3.a" />
					<Add directory="$(#wx)/lib/gcc_dll" />
					<Add directory="D:/cpp/wxsqlite3-3.1.1/lib/gcc_dll" />
				</Linker>
			</Target>
			<Target title="Release">
				<Option output="bin/Release/BMA" prefix_auto="1" extension_auto="1" />
				<Option object_output="obj/Release/" />
				<Option type="0" />
				<Option compiler="gcc" />
				<Option projectLinkerOptionsRelation="2" />
				<Compiler>
					<Add option="-O2" />
					<Add directory="$(#wx)/lib/gcc_dll/mswu" />
				</Compiler>
				<ResourceCompiler>
					<Add directory="$(#wx)/lib/gcc_dll/mswu" />
				</ResourceCompiler>
				<Linker>
					<Add option="-s" />
					<Add library="libwxmsw30u.a" />
					<Add directory="$(#wx)/lib/gcc_dll" />
				</Linker>
			</Target>
		</Build>
		<Compiler>
			<Add option="-pipe" />
			<Add option="-mthreads" />
			<Add option="-D__GNUWIN32__" />
			<Add option="-D__WXMSW__" />
			<Add option="-DWXUSINGDLL" />
			<Add option="-DwxUSE_UNICODE" />
			<Add option="-Wall" />
			<Add directory="$(#wx)/include" />
		</Compiler>
		<ResourceCompiler>
			<Add directory="$(#wx)/include" />
		</ResourceCompiler>
		<Linker>
			<Add option="-mthreads" />
		</Linker>
		<Unit filename="BMAApp.cpp" />
		<Unit filename="BMAApp.h" />
		<Unit filename="BMAMain.cpp" />
		<Unit filename="BMAMain.h" />
		<Unit filename="GUIFrame.cpp" />
		<Unit filename="GUIFrame.h" />
		<Unit filename="WxWizFrame.fbp" />
		<Unit filename="resource.rc">
			<Option compilerVar="WINDRES" />
		</Unit>
		<Unit filename="sqlite.h" />
		<Extensions>
			<code_completion />
			<envvars />
			<debugger />
			<lib_finder disable_auto="1" />
			<DoxyBlocks>
				<comment_style block="0" line="0" />
				<doxyfile_project output_language="Polish" />
				<doxyfile_build extract_all="1" extract_private="1" extract_static="1" />
				<doxyfile_warnings warn_if_undocumented="1" />
				<doxyfile_output html_help="1" chi="1" binary_toc="1" latex="1" rtf="1" man="1" xml="1" autogen_def="1" perl_mod="1" />
				<doxyfile_dot class_diagrams="1" have_dot="1" />
				<general />
			</DoxyBlocks>
		</Extensions>
	</Project>
</CodeBlocks_project_file>
